
Microsoft Visual Studio Solution File, Format Version 12.00
# Visual Studio 15
VisualStudioVersion = 15.0.28307.1169
MinimumVisualStudioVersion = 10.0.40219.1
Project("{9A19103F-16F7-4668-BE54-9A1E7A4F7556}") = "WebApplication1", "WebApplication1\WebApplication1.csproj", "{A20BB615-3418-4BD2-A1DA-18850572B054}"
EndProject
Global
	GlobalSection(SolutionConfigurationPlatforms) = preSolution
		Debug|Any CPU = Debug|Any CPU
		Release|Any CPU = Release|Any CPU
	EndGlobalSection
	GlobalSection(ProjectConfigurationPlatforms) = postSolution
		{A20BB615-3418-4BD2-A1DA-18850572B054}.Debug|Any CPU.ActiveCfg = Debug|Any CPU
		{A20BB615-3418-4BD2-A1DA-18850572B054}.Debug|Any CPU.Build.0 = Debug|Any CPU
		{A20BB615-3418-4BD2-A1DA-18850572B054}.Release|Any CPU.ActiveCfg = Release|Any CPU
		{A20BB615-3418-4BD2-A1DA-18850572B054}.Release|Any CPU.Build.0 = Release|Any CPU
	EndGlobalSection
	GlobalSection(SolutionProperties) = preSolution
		HideSolutionNode = FALSE
	EndGlobalSection
	GlobalSection(ExtensibilityGlobals) = postSolution
		SolutionGuid = {F3736F70-76B3-426B-BCC5-729503DE5115}
	EndGlobalSection
EndGlobal
